
Microsoft Visual Studio Solution File, Format Version 12.00
# Visual Studio Version 17
VisualStudioVersion = 17.3.32819.101
MinimumVisualStudioVersion = 10.0.40219.1
Project("{9A19103F-16F7-4668-BE54-9A1E7A4F7556}") = "aalto-volley-bot", "aalto-volley-bot.csproj", "{9B4CEE1F-A228-480C-85DA-7D1BCE6B1821}"
EndProject
Global
	GlobalSection(SolutionConfigurationPlatforms) = preSolution
		Debug|Any CPU = Debug|Any CPU
		Release|Any CPU = Release|Any CPU
	EndGlobalSection
	GlobalSection(ProjectConfigurationPlatforms) = postSolution
		{9B4CEE1F-A228-480C-85DA-7D1BCE6B1821}.Debug|Any CPU.ActiveCfg = Debug|Any CPU
		{9B4CEE1F-A228-480C-85DA-7D1BCE6B1821}.Debug|Any CPU.Build.0 = Debug|Any CPU
		{9B4CEE1F-A228-480C-85DA-7D1BCE6B1821}.Release|Any CPU.ActiveCfg = Release|Any CPU
		{9B4CEE1F-A228-480C-85DA-7D1BCE6B1821}.Release|Any CPU.Build.0 = Release|Any CPU
	EndGlobalSection
	GlobalSection(SolutionProperties) = preSolution
		HideSolutionNode = FALSE
	EndGlobalSection
	GlobalSection(ExtensibilityGlobals) = postSolution
		SolutionGuid = {7438D515-4798-4E15-B13E-57A4596AAB02}
	EndGlobalSection
EndGlobal
